
Microsoft Visual Studio Solution File, Format Version 12.00
# Visual Studio 2012
Project("{FAE04EC0-301F-11D3-BF4B-00C04F79EFBC}") = "ApiGateway", ".\src\ApiGateway\ApiGateway.csproj", "{1BA4D4B7-31F1-40DA-919E-85402B3AC407}"
EndProject
Project("{FAE04EC0-301F-11D3-BF4B-00C04F79EFBC}") = "DynamoDB", ".\src\DynamoDB\DynamoDB.csproj", "{373F8146-5D07-4EBF-99C1-C3BA6367201F}"
EndProject
Project("{FAE04EC0-301F-11D3-BF4B-00C04F79EFBC}") = "S3", ".\src\S3\S3.csproj", "{E59AFD51-A358-4E2D-A087-2E2A3E05651B}"
EndProject
Project("{2150E333-8FDC-42A3-9474-1A3956D46DE8}") = "src", "src", "{B01CBC95-882B-4AA8-A3E7-37B0214B9C75}"
EndProject
Project("{2150E333-8FDC-42A3-9474-1A3956D46DE8}") = "test", "test", "{F6D39858-07E1-4C34-8255-9CD92B0FE567}"
EndProject
Project("{FAE04EC0-301F-11D3-BF4B-00C04F79EFBC}") = "ApiGateway.Tests", ".\test\ApiGateway.Tests\ApiGateway.Tests.csproj", "{F01B8F25-5CC8-4064-BB0E-0BAF005AB8B9}"
EndProject
Project("{FAE04EC0-301F-11D3-BF4B-00C04F79EFBC}") = "DynamoDB.Tests", ".\test\DynamoDB.Tests\DynamoDB.Tests.csproj", "{396529DB-4987-411B-94BC-3EA1D2E9DCCE}"
EndProject
Project("{FAE04EC0-301F-11D3-BF4B-00C04F79EFBC}") = "S3.Tests", ".\test\S3.Tests\S3.Tests.csproj", "{7100A8FD-6FE3-4319-B0A0-02113593CC1F}"
EndProject
Global
	GlobalSection(SolutionConfigurationPlatforms) = preSolution
		Debug|Any CPU = Debug|Any CPU
		Release|Any CPU = Release|Any CPU
	EndGlobalSection
	GlobalSection(ProjectConfigurationPlatforms) = postSolution
		{1BA4D4B7-31F1-40DA-919E-85402B3AC407}.Debug|Any CPU.ActiveCfg = Debug|Any CPU
		{1BA4D4B7-31F1-40DA-919E-85402B3AC407}.Debug|Any CPU.Build.0 = Debug|Any CPU
		{1BA4D4B7-31F1-40DA-919E-85402B3AC407}.Release|Any CPU.ActiveCfg = Release|Any CPU
		{1BA4D4B7-31F1-40DA-919E-85402B3AC407}.Release|Any CPU.Build.0 = Release|Any CPU
		{373F8146-5D07-4EBF-99C1-C3BA6367201F}.Debug|Any CPU.ActiveCfg = Debug|Any CPU
		{373F8146-5D07-4EBF-99C1-C3BA6367201F}.Debug|Any CPU.Build.0 = Debug|Any CPU
		{373F8146-5D07-4EBF-99C1-C3BA6367201F}.Release|Any CPU.ActiveCfg = Release|Any CPU
		{373F8146-5D07-4EBF-99C1-C3BA6367201F}.Release|Any CPU.Build.0 = Release|Any CPU
		{E59AFD51-A358-4E2D-A087-2E2A3E05651B}.Debug|Any CPU.ActiveCfg = Debug|Any CPU
		{E59AFD51-A358-4E2D-A087-2E2A3E05651B}.Debug|Any CPU.Build.0 = Debug|Any CPU
		{E59AFD51-A358-4E2D-A087-2E2A3E05651B}.Release|Any CPU.ActiveCfg = Release|Any CPU
		{E59AFD51-A358-4E2D-A087-2E2A3E05651B}.Release|Any CPU.Build.0 = Release|Any CPU
		{F01B8F25-5CC8-4064-BB0E-0BAF005AB8B9}.Debug|Any CPU.ActiveCfg = Debug|Any CPU
		{F01B8F25-5CC8-4064-BB0E-0BAF005AB8B9}.Debug|Any CPU.Build.0 = Debug|Any CPU
		{F01B8F25-5CC8-4064-BB0E-0BAF005AB8B9}.Release|Any CPU.ActiveCfg = Release|Any CPU
		{F01B8F25-5CC8-4064-BB0E-0BAF005AB8B9}.Release|Any CPU.Build.0 = Release|Any CPU
		{396529DB-4987-411B-94BC-3EA1D2E9DCCE}.Debug|Any CPU.ActiveCfg = Debug|Any CPU
		{396529DB-4987-411B-94BC-3EA1D2E9DCCE}.Debug|Any CPU.Build.0 = Debug|Any CPU
		{396529DB-4987-411B-94BC-3EA1D2E9DCCE}.Release|Any CPU.ActiveCfg = Release|Any CPU
		{396529DB-4987-411B-94BC-3EA1D2E9DCCE}.Release|Any CPU.Build.0 = Release|Any CPU
		{7100A8FD-6FE3-4319-B0A0-02113593CC1F}.Debug|Any CPU.ActiveCfg = Debug|Any CPU
		{7100A8FD-6FE3-4319-B0A0-02113593CC1F}.Debug|Any CPU.Build.0 = Debug|Any CPU
		{7100A8FD-6FE3-4319-B0A0-02113593CC1F}.Release|Any CPU.ActiveCfg = Release|Any CPU
		{7100A8FD-6FE3-4319-B0A0-02113593CC1F}.Release|Any CPU.Build.0 = Release|Any CPU
	EndGlobalSection
	GlobalSection(NestedProjects) = preSolution
		{1BA4D4B7-31F1-40DA-919E-85402B3AC407} = {B01CBC95-882B-4AA8-A3E7-37B0214B9C75}
		{373F8146-5D07-4EBF-99C1-C3BA6367201F} = {B01CBC95-882B-4AA8-A3E7-37B0214B9C75}
		{E59AFD51-A358-4E2D-A087-2E2A3E05651B} = {B01CBC95-882B-4AA8-A3E7-37B0214B9C75}
		{F01B8F25-5CC8-4064-BB0E-0BAF005AB8B9} = {F6D39858-07E1-4C34-8255-9CD92B0FE567}
		{396529DB-4987-411B-94BC-3EA1D2E9DCCE} = {F6D39858-07E1-4C34-8255-9CD92B0FE567}
		{7100A8FD-6FE3-4319-B0A0-02113593CC1F} = {F6D39858-07E1-4C34-8255-9CD92B0FE567}
	EndGlobalSection
EndGlobal
