
Microsoft Visual Studio Solution File, Format Version 12.00
# Visual Studio 15
VisualStudioVersion = 15.0.27703.2000
MinimumVisualStudioVersion = 10.0.40219.1
Project("{9A19103F-16F7-4668-BE54-9A1E7A4F7556}") = "NewPosts", "NewPosts\NewPosts.csproj", "{BB279765-045C-43F2-B851-1A18C2B00827}"
EndProject
Project("{9A19103F-16F7-4668-BE54-9A1E7A4F7556}") = "ConvertToAudio", "ConvertToAudio\ConvertToAudio.csproj", "{EEE0236D-25B8-4EED-A679-914AA88F7721}"
EndProject
Project("{9A19103F-16F7-4668-BE54-9A1E7A4F7556}") = "GetPosts", "GetPosts\GetPosts.csproj", "{5CA2E6F5-4CDE-45B3-A510-334554023AA6}"
EndProject
Global
	GlobalSection(SolutionConfigurationPlatforms) = preSolution
		Debug|Any CPU = Debug|Any CPU
		Release|Any CPU = Release|Any CPU
	EndGlobalSection
	GlobalSection(ProjectConfigurationPlatforms) = postSolution
		{BB279765-045C-43F2-B851-1A18C2B00827}.Debug|Any CPU.ActiveCfg = Debug|Any CPU
		{BB279765-045C-43F2-B851-1A18C2B00827}.Debug|Any CPU.Build.0 = Debug|Any CPU
		{BB279765-045C-43F2-B851-1A18C2B00827}.Release|Any CPU.ActiveCfg = Release|Any CPU
		{BB279765-045C-43F2-B851-1A18C2B00827}.Release|Any CPU.Build.0 = Release|Any CPU
		{EEE0236D-25B8-4EED-A679-914AA88F7721}.Debug|Any CPU.ActiveCfg = Debug|Any CPU
		{EEE0236D-25B8-4EED-A679-914AA88F7721}.Debug|Any CPU.Build.0 = Debug|Any CPU
		{EEE0236D-25B8-4EED-A679-914AA88F7721}.Release|Any CPU.ActiveCfg = Release|Any CPU
		{EEE0236D-25B8-4EED-A679-914AA88F7721}.Release|Any CPU.Build.0 = Release|Any CPU
		{5CA2E6F5-4CDE-45B3-A510-334554023AA6}.Debug|Any CPU.ActiveCfg = Debug|Any CPU
		{5CA2E6F5-4CDE-45B3-A510-334554023AA6}.Debug|Any CPU.Build.0 = Debug|Any CPU
		{5CA2E6F5-4CDE-45B3-A510-334554023AA6}.Release|Any CPU.ActiveCfg = Release|Any CPU
		{5CA2E6F5-4CDE-45B3-A510-334554023AA6}.Release|Any CPU.Build.0 = Release|Any CPU
	EndGlobalSection
	GlobalSection(SolutionProperties) = preSolution
		HideSolutionNode = FALSE
	EndGlobalSection
	GlobalSection(ExtensibilityGlobals) = postSolution
		SolutionGuid = {79851329-8378-4F40-A9D0-98A785828FCB}
	EndGlobalSection
EndGlobal
